
Microsoft Visual Studio Solution File, Format Version 12.00
# Visual Studio 2013
VisualStudioVersion = 12.0.21005.1
MinimumVisualStudioVersion = 10.0.40219.1
Project("{8BC9CEB8-8B4A-11D0-8D11-00A0C91BC942}") = "图像形态学操作", "图像形态学操作\图像形态学操作.vcxproj", "{397E183A-7514-46DC-8946-D586ECEA8EF6}"
EndProject
Global
	GlobalSection(SolutionConfigurationPlatforms) = preSolution
		Debug|Win32 = Debug|Win32
		Release|Win32 = Release|Win32
	EndGlobalSection
	GlobalSection(ProjectConfigurationPlatforms) = postSolution
		{397E183A-7514-46DC-8946-D586ECEA8EF6}.Debug|Win32.ActiveCfg = Debug|Win32
		{397E183A-7514-46DC-8946-D586ECEA8EF6}.Debug|Win32.Build.0 = Debug|Win32
		{397E183A-7514-46DC-8946-D586ECEA8EF6}.Release|Win32.ActiveCfg = Release|Win32
		{397E183A-7514-46DC-8946-D586ECEA8EF6}.Release|Win32.Build.0 = Release|Win32
	EndGlobalSection
	GlobalSection(SolutionProperties) = preSolution
		HideSolutionNode = FALSE
	EndGlobalSection
EndGlobal
